// !$*UTF8*$!
{
	archiveVersion = 1;
	classes = {
	};
	objectVersion = 50;
	objects = {

/* Begin PBXBuildFile section */
		C108E91023A43BD800409186 /* ContentView.swift in Sources */ = {isa = PBXBuildFile; fileRef = C108E90F23A43BD800409186 /* ContentView.swift */; };
		C108E91323A43C6900409186 /* MapViewModel.swift in Sources */ = {isa = PBXBuildFile; fileRef = C108E91223A43C6900409186 /* MapViewModel.swift */; };
		C108E91723A4459600409186 /* FerryAnnotation.swift in Sources */ = {isa = PBXBuildFile; fileRef = C108E91623A4459600409186 /* FerryAnnotation.swift */; };
		C108E91923A5252F00409186 /* Ferry.swift in Sources */ = {isa = PBXBuildFile; fileRef = C108E91823A5252F00409186 /* Ferry.swift */; };
		C108E91B23A5259700409186 /* Schedule.swift in Sources */ = {isa = PBXBuildFile; fileRef = C108E91A23A5259700409186 /* Schedule.swift */; };
		C127F0C6236DCAC6008FBED1 /* AppDelegate.swift in Sources */ = {isa = PBXBuildFile; fileRef = C127F0C5236DCAC6008FBED1 /* AppDelegate.swift */; };
		C127F0C8236DCAC6008FBED1 /* SceneDelegate.swift in Sources */ = {isa = PBXBuildFile; fileRef = C127F0C7236DCAC6008FBED1 /* SceneDelegate.swift */; };
		C127F0CA236DCAC6008FBED1 /* MapView.swift in Sources */ = {isa = PBXBuildFile; fileRef = C127F0C9236DCAC6008FBED1 /* MapView.swift */; };
		C127F0CC236DCAC8008FBED1 /* Assets.xcassets in Resources */ = {isa = PBXBuildFile; fileRef = C127F0CB236DCAC8008FBED1 /* Assets.xcassets */; };
		C127F0CF236DCAC8008FBED1 /* Preview Assets.xcassets in Resources */ = {isa = PBXBuildFile; fileRef = C127F0CE236DCAC8008FBED1 /* Preview Assets.xcassets */; };
		C127F0D2236DCAC8008FBED1 /* LaunchScreen.storyboard in Resources */ = {isa = PBXBuildFile; fileRef = C127F0D0236DCAC8008FBED1 /* LaunchScreen.storyboard */; };
		C127F0DD236DCAC9008FBED1 /* ferry_appTests.swift in Sources */ = {isa = PBXBuildFile; fileRef = C127F0DC236DCAC9008FBED1 /* ferry_appTests.swift */; };
		C127F0E8236DCAC9008FBED1 /* ferry_appUITests.swift in Sources */ = {isa = PBXBuildFile; fileRef = C127F0E7236DCAC9008FBED1 /* ferry_appUITests.swift */; };
		C168144D23D38EF200AEA0F6 /* River.swift in Sources */ = {isa = PBXBuildFile; fileRef = C168144C23D38EF200AEA0F6 /* River.swift */; };
		C174B9BA23BA7D100006CCA3 /* FerryAnnotationView.swift in Sources */ = {isa = PBXBuildFile; fileRef = C174B9B923BA7D100006CCA3 /* FerryAnnotationView.swift */; };
		C174B9BC23BA83BD0006CCA3 /* TimeTableView.swift in Sources */ = {isa = PBXBuildFile; fileRef = C174B9BB23BA83BD0006CCA3 /* TimeTableView.swift */; };
		C174B9BE23BA8D840006CCA3 /* LockupView.swift in Sources */ = {isa = PBXBuildFile; fileRef = C174B9BD23BA8D840006CCA3 /* LockupView.swift */; };
		C174B9C023C0DA8B0006CCA3 /* RouteEndpoints.swift in Sources */ = {isa = PBXBuildFile; fileRef = C174B9BF23C0DA8B0006CCA3 /* RouteEndpoints.swift */; };
		C174B9C223C0EB3C0006CCA3 /* LocationService.swift in Sources */ = {isa = PBXBuildFile; fileRef = C174B9C123C0EB3C0006CCA3 /* LocationService.swift */; };
		C174B9C423C1315B0006CCA3 /* TimetablesViewModel.swift in Sources */ = {isa = PBXBuildFile; fileRef = C174B9C323C1315B0006CCA3 /* TimetablesViewModel.swift */; };
		C174B9C623C149530006CCA3 /* FerryViewModel.swift in Sources */ = {isa = PBXBuildFile; fileRef = C174B9C523C149530006CCA3 /* FerryViewModel.swift */; };
		C1F7A1A023CB8D67002F01B8 /* DepartureViewModel.swift in Sources */ = {isa = PBXBuildFile; fileRef = C1F7A19F23CB8D67002F01B8 /* DepartureViewModel.swift */; };
/* End PBXBuildFile section */

/* Begin PBXContainerItemProxy section */
		C127F0D9236DCAC9008FBED1 /* PBXContainerItemProxy */ = {
			isa = PBXContainerItemProxy;
			containerPortal = C127F0BA236DCAC6008FBED1 /* Project object */;
			proxyType = 1;
			remoteGlobalIDString = C127F0C1236DCAC6008FBED1;
			remoteInfo = "ferry-app";
		};
		C127F0E4236DCAC9008FBED1 /* PBXContainerItemProxy */ = {
			isa = PBXContainerItemProxy;
			containerPortal = C127F0BA236DCAC6008FBED1 /* Project object */;
			proxyType = 1;
			remoteGlobalIDString = C127F0C1236DCAC6008FBED1;
			remoteInfo = "ferry-app";
		};
/* End PBXContainerItemProxy section */

/* Begin PBXFileReference section */
		C108E90F23A43BD800409186 /* ContentView.swift */ = {isa = PBXFileReference; fileEncoding = 4; lastKnownFileType = sourcecode.swift; name = ContentView.swift; path = "ferry-app/Views/ContentView.swift"; sourceTree = SOURCE_ROOT; };
		C108E91223A43C6900409186 /* MapViewModel.swift */ = {isa = PBXFileReference; lastKnownFileType = sourcecode.swift; path = MapViewModel.swift; sourceTree = "<group>"; };
		C108E91623A4459600409186 /* FerryAnnotation.swift */ = {isa = PBXFileReference; lastKnownFileType = sourcecode.swift; path = FerryAnnotation.swift; sourceTree = "<group>"; };
		C108E91823A5252F00409186 /* Ferry.swift */ = {isa = PBXFileReference; lastKnownFileType = sourcecode.swift; path = Ferry.swift; sourceTree = "<group>"; };
		C108E91A23A5259700409186 /* Schedule.swift */ = {isa = PBXFileReference; lastKnownFileType = sourcecode.swift; path = Schedule.swift; sourceTree = "<group>"; };
		C127F0C2236DCAC6008FBED1 /* ferry-app.app */ = {isa = PBXFileReference; explicitFileType = wrapper.application; includeInIndex = 0; path = "ferry-app.app"; sourceTree = BUILT_PRODUCTS_DIR; };
		C127F0C5236DCAC6008FBED1 /* AppDelegate.swift */ = {isa = PBXFileReference; lastKnownFileType = sourcecode.swift; path = AppDelegate.swift; sourceTree = "<group>"; };
		C127F0C7236DCAC6008FBED1 /* SceneDelegate.swift */ = {isa = PBXFileReference; lastKnownFileType = sourcecode.swift; path = SceneDelegate.swift; sourceTree = "<group>"; };
		C127F0C9236DCAC6008FBED1 /* MapView.swift */ = {isa = PBXFileReference; lastKnownFileType = sourcecode.swift; path = MapView.swift; sourceTree = "<group>"; };
		C127F0CB236DCAC8008FBED1 /* Assets.xcassets */ = {isa = PBXFileReference; lastKnownFileType = folder.assetcatalog; path = Assets.xcassets; sourceTree = "<group>"; };
		C127F0CE236DCAC8008FBED1 /* Preview Assets.xcassets */ = {isa = PBXFileReference; lastKnownFileType = folder.assetcatalog; path = "Preview Assets.xcassets"; sourceTree = "<group>"; };
		C127F0D1236DCAC8008FBED1 /* Base */ = {isa = PBXFileReference; lastKnownFileType = file.storyboard; name = Base; path = Base.lproj/LaunchScreen.storyboard; sourceTree = "<group>"; };
		C127F0D3236DCAC8008FBED1 /* Info.plist */ = {isa = PBXFileReference; lastKnownFileType = text.plist.xml; path = Info.plist; sourceTree = "<group>"; };
		C127F0D8236DCAC9008FBED1 /* ferry-appTests.xctest */ = {isa = PBXFileReference; explicitFileType = wrapper.cfbundle; includeInIndex = 0; path = "ferry-appTests.xctest"; sourceTree = BUILT_PRODUCTS_DIR; };
		C127F0DC236DCAC9008FBED1 /* ferry_appTests.swift */ = {isa = PBXFileReference; lastKnownFileType = sourcecode.swift; path = ferry_appTests.swift; sourceTree = "<group>"; };
		C127F0DE236DCAC9008FBED1 /* Info.plist */ = {isa = PBXFileReference; lastKnownFileType = text.plist.xml; path = Info.plist; sourceTree = "<group>"; };
		C127F0E3236DCAC9008FBED1 /* ferry-appUITests.xctest */ = {isa = PBXFileReference; explicitFileType = wrapper.cfbundle; includeInIndex = 0; path = "ferry-appUITests.xctest"; sourceTree = BUILT_PRODUCTS_DIR; };
		C127F0E7236DCAC9008FBED1 /* ferry_appUITests.swift */ = {isa = PBXFileReference; lastKnownFileType = sourcecode.swift; path = ferry_appUITests.swift; sourceTree = "<group>"; };
		C127F0E9236DCAC9008FBED1 /* Info.plist */ = {isa = PBXFileReference; lastKnownFileType = text.plist.xml; path = Info.plist; sourceTree = "<group>"; };
		C168144C23D38EF200AEA0F6 /* River.swift */ = {isa = PBXFileReference; lastKnownFileType = sourcecode.swift; path = River.swift; sourceTree = "<group>"; };
		C174B9B923BA7D100006CCA3 /* FerryAnnotationView.swift */ = {isa = PBXFileReference; lastKnownFileType = sourcecode.swift; path = FerryAnnotationView.swift; sourceTree = "<group>"; };
		C174B9BB23BA83BD0006CCA3 /* TimeTableView.swift */ = {isa = PBXFileReference; lastKnownFileType = sourcecode.swift; path = TimeTableView.swift; sourceTree = "<group>"; };
		C174B9BD23BA8D840006CCA3 /* LockupView.swift */ = {isa = PBXFileReference; lastKnownFileType = sourcecode.swift; path = LockupView.swift; sourceTree = "<group>"; };
		C174B9BF23C0DA8B0006CCA3 /* RouteEndpoints.swift */ = {isa = PBXFileReference; lastKnownFileType = sourcecode.swift; path = RouteEndpoints.swift; sourceTree = "<group>"; };
		C174B9C123C0EB3C0006CCA3 /* LocationService.swift */ = {isa = PBXFileReference; lastKnownFileType = sourcecode.swift; path = LocationService.swift; sourceTree = "<group>"; };
		C174B9C323C1315B0006CCA3 /* TimetablesViewModel.swift */ = {isa = PBXFileReference; lastKnownFileType = sourcecode.swift; path = TimetablesViewModel.swift; sourceTree = "<group>"; };
		C174B9C523C149530006CCA3 /* FerryViewModel.swift */ = {isa = PBXFileReference; lastKnownFileType = sourcecode.swift; path = FerryViewModel.swift; sourceTree = "<group>"; };
		C1F7A19F23CB8D67002F01B8 /* DepartureViewModel.swift */ = {isa = PBXFileReference; lastKnownFileType = sourcecode.swift; path = DepartureViewModel.swift; sourceTree = "<group>"; };
/* End PBXFileReference section */

/* Begin PBXFrameworksBuildPhase section */
		C127F0BF236DCAC6008FBED1 /* Frameworks */ = {
			isa = PBXFrameworksBuildPhase;
			buildActionMask = 2147483647;
			files = (
			);
			runOnlyForDeploymentPostprocessing = 0;
		};
		C127F0D5236DCAC9008FBED1 /* Frameworks */ = {
			isa = PBXFrameworksBuildPhase;
			buildActionMask = 2147483647;
			files = (
			);
			runOnlyForDeploymentPostprocessing = 0;
		};
		C127F0E0236DCAC9008FBED1 /* Frameworks */ = {
			isa = PBXFrameworksBuildPhase;
			buildActionMask = 2147483647;
			files = (
			);
			runOnlyForDeploymentPostprocessing = 0;
		};
/* End PBXFrameworksBuildPhase section */

/* Begin PBXGroup section */
		C108E90E23A43A1100409186 /* Views */ = {
			isa = PBXGroup;
			children = (
				C108E90F23A43BD800409186 /* ContentView.swift */,
				C127F0C9236DCAC6008FBED1 /* MapView.swift */,
				C174B9B923BA7D100006CCA3 /* FerryAnnotationView.swift */,
				C174B9BB23BA83BD0006CCA3 /* TimeTableView.swift */,
				C174B9BD23BA8D840006CCA3 /* LockupView.swift */,
			);
			path = Views;
			sourceTree = "<group>";
		};
		C108E91123A43C5300409186 /* ViewModels */ = {
			isa = PBXGroup;
			children = (
				C108E91623A4459600409186 /* FerryAnnotation.swift */,
				C108E91223A43C6900409186 /* MapViewModel.swift */,
				C174B9C323C1315B0006CCA3 /* TimetablesViewModel.swift */,
				C174B9C523C149530006CCA3 /* FerryViewModel.swift */,
				C1F7A19F23CB8D67002F01B8 /* DepartureViewModel.swift */,
			);
			path = ViewModels;
			sourceTree = "<group>";
		};
		C108E91423A4433100409186 /* Models */ = {
			isa = PBXGroup;
			children = (
				C108E91823A5252F00409186 /* Ferry.swift */,
				C108E91A23A5259700409186 /* Schedule.swift */,
				C174B9BF23C0DA8B0006CCA3 /* RouteEndpoints.swift */,
				C168144C23D38EF200AEA0F6 /* River.swift */,
			);
			path = Models;
			sourceTree = "<group>";
		};
		C108E91523A4433C00409186 /* Services */ = {
			isa = PBXGroup;
			children = (
				C174B9C123C0EB3C0006CCA3 /* LocationService.swift */,
			);
			path = Services;
			sourceTree = "<group>";
		};
		C127F0B9236DCAC6008FBED1 = {
			isa = PBXGroup;
			children = (
				C127F0C4236DCAC6008FBED1 /* ferry-app */,
				C127F0DB236DCAC9008FBED1 /* ferry-appTests */,
				C127F0E6236DCAC9008FBED1 /* ferry-appUITests */,
				C127F0C3236DCAC6008FBED1 /* Products */,
			);
			sourceTree = "<group>";
		};
		C127F0C3236DCAC6008FBED1 /* Products */ = {
			isa = PBXGroup;
			children = (
				C127F0C2236DCAC6008FBED1 /* ferry-app.app */,
				C127F0D8236DCAC9008FBED1 /* ferry-appTests.xctest */,
				C127F0E3236DCAC9008FBED1 /* ferry-appUITests.xctest */,
			);
			name = Products;
			sourceTree = "<group>";
		};
		C127F0C4236DCAC6008FBED1 /* ferry-app */ = {
			isa = PBXGroup;
			children = (
				C127F0C5236DCAC6008FBED1 /* AppDelegate.swift */,
				C127F0C7236DCAC6008FBED1 /* SceneDelegate.swift */,
				C108E91523A4433C00409186 /* Services */,
				C108E91423A4433100409186 /* Models */,
				C108E91123A43C5300409186 /* ViewModels */,
				C108E90E23A43A1100409186 /* Views */,
				C127F0CB236DCAC8008FBED1 /* Assets.xcassets */,
				C127F0D0236DCAC8008FBED1 /* LaunchScreen.storyboard */,
				C127F0D3236DCAC8008FBED1 /* Info.plist */,
				C127F0CD236DCAC8008FBED1 /* Preview Content */,
			);
			path = "ferry-app";
			sourceTree = "<group>";
		};
		C127F0CD236DCAC8008FBED1 /* Preview Content */ = {
			isa = PBXGroup;
			children = (
				C127F0CE236DCAC8008FBED1 /* Preview Assets.xcassets */,
			);
			path = "Preview Content";
			sourceTree = "<group>";
		};
		C127F0DB236DCAC9008FBED1 /* ferry-appTests */ = {
			isa = PBXGroup;
			children = (
				C127F0DC236DCAC9008FBED1 /* ferry_appTests.swift */,
				C127F0DE236DCAC9008FBED1 /* Info.plist */,
			);
			path = "ferry-appTests";
			sourceTree = "<group>";
		};
		C127F0E6236DCAC9008FBED1 /* ferry-appUITests */ = {
			isa = PBXGroup;
			children = (
				C127F0E7236DCAC9008FBED1 /* ferry_appUITests.swift */,
				C127F0E9236DCAC9008FBED1 /* Info.plist */,
			);
			path = "ferry-appUITests";
			sourceTree = "<group>";
		};
/* End PBXGroup section */

/* Begin PBXNativeTarget section */
		C127F0C1236DCAC6008FBED1 /* ferry-app */ = {
			isa = PBXNativeTarget;
			buildConfigurationList = C127F0EC236DCAC9008FBED1 /* Build configuration list for PBXNativeTarget "ferry-app" */;
			buildPhases = (
				C127F0BE236DCAC6008FBED1 /* Sources */,
				C127F0BF236DCAC6008FBED1 /* Frameworks */,
				C127F0C0236DCAC6008FBED1 /* Resources */,
			);
			buildRules = (
			);
			dependencies = (
			);
			name = "ferry-app";
			productName = "ferry-app";
			productReference = C127F0C2236DCAC6008FBED1 /* ferry-app.app */;
			productType = "com.apple.product-type.application";
		};
		C127F0D7236DCAC9008FBED1 /* ferry-appTests */ = {
			isa = PBXNativeTarget;
			buildConfigurationList = C127F0EF236DCAC9008FBED1 /* Build configuration list for PBXNativeTarget "ferry-appTests" */;
			buildPhases = (
				C127F0D4236DCAC9008FBED1 /* Sources */,
				C127F0D5236DCAC9008FBED1 /* Frameworks */,
				C127F0D6236DCAC9008FBED1 /* Resources */,
			);
			buildRules = (
			);
			dependencies = (
				C127F0DA236DCAC9008FBED1 /* PBXTargetDependency */,
			);
			name = "ferry-appTests";
			productName = "ferry-appTests";
			productReference = C127F0D8236DCAC9008FBED1 /* ferry-appTests.xctest */;
			productType = "com.apple.product-type.bundle.unit-test";
		};
		C127F0E2236DCAC9008FBED1 /* ferry-appUITests */ = {
			isa = PBXNativeTarget;
			buildConfigurationList = C127F0F2236DCAC9008FBED1 /* Build configuration list for PBXNativeTarget "ferry-appUITests" */;
			buildPhases = (
				C127F0DF236DCAC9008FBED1 /* Sources */,
				C127F0E0236DCAC9008FBED1 /* Frameworks */,
				C127F0E1236DCAC9008FBED1 /* Resources */,
			);
			buildRules = (
			);
			dependencies = (
				C127F0E5236DCAC9008FBED1 /* PBXTargetDependency */,
			);
			name = "ferry-appUITests";
			productName = "ferry-appUITests";
			productReference = C127F0E3236DCAC9008FBED1 /* ferry-appUITests.xctest */;
			productType = "com.apple.product-type.bundle.ui-testing";
		};
/* End PBXNativeTarget section */

/* Begin PBXProject section */
		C127F0BA236DCAC6008FBED1 /* Project object */ = {
			isa = PBXProject;
			attributes = {
				LastSwiftUpdateCheck = 1120;
				LastUpgradeCheck = 1120;
				ORGANIZATIONNAME = "Sydnee Stanley";
				TargetAttributes = {
					C127F0C1236DCAC6008FBED1 = {
						CreatedOnToolsVersion = 11.2;
					};
					C127F0D7236DCAC9008FBED1 = {
						CreatedOnToolsVersion = 11.2;
						TestTargetID = C127F0C1236DCAC6008FBED1;
					};
					C127F0E2236DCAC9008FBED1 = {
						CreatedOnToolsVersion = 11.2;
						TestTargetID = C127F0C1236DCAC6008FBED1;
					};
				};
			};
			buildConfigurationList = C127F0BD236DCAC6008FBED1 /* Build configuration list for PBXProject "ferry-app" */;
			compatibilityVersion = "Xcode 9.3";
			developmentRegion = en;
			hasScannedForEncodings = 0;
			knownRegions = (
				en,
				Base,
			);
			mainGroup = C127F0B9236DCAC6008FBED1;
			productRefGroup = C127F0C3236DCAC6008FBED1 /* Products */;
			projectDirPath = "";
			projectRoot = "";
			targets = (
				C127F0C1236DCAC6008FBED1 /* ferry-app */,
				C127F0D7236DCAC9008FBED1 /* ferry-appTests */,
				C127F0E2236DCAC9008FBED1 /* ferry-appUITests */,
			);
		};
/* End PBXProject section */

/* Begin PBXResourcesBuildPhase section */
		C127F0C0236DCAC6008FBED1 /* Resources */ = {
			isa = PBXResourcesBuildPhase;
			buildActionMask = 2147483647;
			files = (
				C127F0D2236DCAC8008FBED1 /* LaunchScreen.storyboard in Resources */,
				C127F0CF236DCAC8008FBED1 /* Preview Assets.xcassets in Resources */,
				C127F0CC236DCAC8008FBED1 /* Assets.xcassets in Resources */,
			);
			runOnlyForDeploymentPostprocessing = 0;
		};
		C127F0D6236DCAC9008FBED1 /* Resources */ = {
			isa = PBXResourcesBuildPhase;
			buildActionMask = 2147483647;
			files = (
			);
			runOnlyForDeploymentPostprocessing = 0;
		};
		C127F0E1236DCAC9008FBED1 /* Resources */ = {
			isa = PBXResourcesBuildPhase;
			buildActionMask = 2147483647;
			files = (
			);
			runOnlyForDeploymentPostprocessing = 0;
		};
/* End PBXResourcesBuildPhase section */

/* Begin PBXSourcesBuildPhase section */
		C127F0BE236DCAC6008FBED1 /* Sources */ = {
			isa = PBXSourcesBuildPhase;
			buildActionMask = 2147483647;
			files = (
				C1F7A1A023CB8D67002F01B8 /* DepartureViewModel.swift in Sources */,
				C174B9C223C0EB3C0006CCA3 /* LocationService.swift in Sources */,
				C108E91723A4459600409186 /* FerryAnnotation.swift in Sources */,
				C127F0C6236DCAC6008FBED1 /* AppDelegate.swift in Sources */,
				C174B9C623C149530006CCA3 /* FerryViewModel.swift in Sources */,
				C108E91023A43BD800409186 /* ContentView.swift in Sources */,
				C108E91B23A5259700409186 /* Schedule.swift in Sources */,
				C127F0C8236DCAC6008FBED1 /* SceneDelegate.swift in Sources */,
				C127F0CA236DCAC6008FBED1 /* MapView.swift in Sources */,
				C174B9BA23BA7D100006CCA3 /* FerryAnnotationView.swift in Sources */,
				C168144D23D38EF200AEA0F6 /* River.swift in Sources */,
				C174B9BC23BA83BD0006CCA3 /* TimeTableView.swift in Sources */,
				C174B9BE23BA8D840006CCA3 /* LockupView.swift in Sources */,
				C127F0CA236DCAC6008FBED1 /* MapView.swift in Sources */,
				C108E91923A5252F00409186 /* Ferry.swift in Sources */,
				C174B9C023C0DA8B0006CCA3 /* RouteEndpoints.swift in Sources */,
				C174B9C423C1315B0006CCA3 /* TimetablesViewModel.swift in Sources */,
				C108E91323A43C6900409186 /* MapViewModel.swift in Sources */,
			);
			runOnlyForDeploymentPostprocessing = 0;
		};
		C127F0D4236DCAC9008FBED1 /* Sources */ = {
			isa = PBXSourcesBuildPhase;
			buildActionMask = 2147483647;
			files = (
				C127F0DD236DCAC9008FBED1 /* ferry_appTests.swift in Sources */,
			);
			runOnlyForDeploymentPostprocessing = 0;
		};
		C127F0DF236DCAC9008FBED1 /* Sources */ = {
			isa = PBXSourcesBuildPhase;
			buildActionMask = 2147483647;
			files = (
				C127F0E8236DCAC9008FBED1 /* ferry_appUITests.swift in Sources */,
			);
			runOnlyForDeploymentPostprocessing = 0;
		};
/* End PBXSourcesBuildPhase section */

/* Begin PBXTargetDependency section */
		C127F0DA236DCAC9008FBED1 /* PBXTargetDependency */ = {
			isa = PBXTargetDependency;
			target = C127F0C1236DCAC6008FBED1 /* ferry-app */;
			targetProxy = C127F0D9236DCAC9008FBED1 /* PBXContainerItemProxy */;
		};
		C127F0E5236DCAC9008FBED1 /* PBXTargetDependency */ = {
			isa = PBXTargetDependency;
			target = C127F0C1236DCAC6008FBED1 /* ferry-app */;
			targetProxy = C127F0E4236DCAC9008FBED1 /* PBXContainerItemProxy */;
		};
/* End PBXTargetDependency section */

/* Begin PBXVariantGroup section */
		C127F0D0236DCAC8008FBED1 /* LaunchScreen.storyboard */ = {
			isa = PBXVariantGroup;
			children = (
				C127F0D1236DCAC8008FBED1 /* Base */,
			);
			name = LaunchScreen.storyboard;
			sourceTree = "<group>";
		};
/* End PBXVariantGroup section */

/* Begin XCBuildConfiguration section */
		C127F0EA236DCAC9008FBED1 /* Debug */ = {
			isa = XCBuildConfiguration;
			buildSettings = {
				ALWAYS_SEARCH_USER_PATHS = NO;
				CLANG_ANALYZER_NONNULL = YES;
				CLANG_ANALYZER_NUMBER_OBJECT_CONVERSION = YES_AGGRESSIVE;
				CLANG_CXX_LANGUAGE_STANDARD = "gnu++14";
				CLANG_CXX_LIBRARY = "libc++";
				CLANG_ENABLE_MODULES = YES;
				CLANG_ENABLE_OBJC_ARC = YES;
				CLANG_ENABLE_OBJC_WEAK = YES;
				CLANG_WARN_BLOCK_CAPTURE_AUTORELEASING = YES;
				CLANG_WARN_BOOL_CONVERSION = YES;
				CLANG_WARN_COMMA = YES;
				CLANG_WARN_CONSTANT_CONVERSION = YES;
				CLANG_WARN_DEPRECATED_OBJC_IMPLEMENTATIONS = YES;
				CLANG_WARN_DIRECT_OBJC_ISA_USAGE = YES_ERROR;
				CLANG_WARN_DOCUMENTATION_COMMENTS = YES;
				CLANG_WARN_EMPTY_BODY = YES;
				CLANG_WARN_ENUM_CONVERSION = YES;
				CLANG_WARN_INFINITE_RECURSION = YES;
				CLANG_WARN_INT_CONVERSION = YES;
				CLANG_WARN_NON_LITERAL_NULL_CONVERSION = YES;
				CLANG_WARN_OBJC_IMPLICIT_RETAIN_SELF = YES;
				CLANG_WARN_OBJC_LITERAL_CONVERSION = YES;
				CLANG_WARN_OBJC_ROOT_CLASS = YES_ERROR;
				CLANG_WARN_RANGE_LOOP_ANALYSIS = YES;
				CLANG_WARN_STRICT_PROTOTYPES = YES;
				CLANG_WARN_SUSPICIOUS_MOVE = YES;
				CLANG_WARN_UNGUARDED_AVAILABILITY = YES_AGGRESSIVE;
				CLANG_WARN_UNREACHABLE_CODE = YES;
				CLANG_WARN__DUPLICATE_METHOD_MATCH = YES;
				COPY_PHASE_STRIP = NO;
				DEBUG_INFORMATION_FORMAT = dwarf;
				ENABLE_STRICT_OBJC_MSGSEND = YES;
				ENABLE_TESTABILITY = YES;
				GCC_C_LANGUAGE_STANDARD = gnu11;
				GCC_DYNAMIC_NO_PIC = NO;
				GCC_NO_COMMON_BLOCKS = YES;
				GCC_OPTIMIZATION_LEVEL = 0;
				GCC_PREPROCESSOR_DEFINITIONS = (
					"DEBUG=1",
					"$(inherited)",
				);
				GCC_WARN_64_TO_32_BIT_CONVERSION = YES;
				GCC_WARN_ABOUT_RETURN_TYPE = YES_ERROR;
				GCC_WARN_UNDECLARED_SELECTOR = YES;
				GCC_WARN_UNINITIALIZED_AUTOS = YES_AGGRESSIVE;
				GCC_WARN_UNUSED_FUNCTION = YES;
				GCC_WARN_UNUSED_VARIABLE = YES;
				IPHONEOS_DEPLOYMENT_TARGET = 13.2;
				MTL_ENABLE_DEBUG_INFO = INCLUDE_SOURCE;
				MTL_FAST_MATH = YES;
				ONLY_ACTIVE_ARCH = YES;
				SDKROOT = iphoneos;
				SWIFT_ACTIVE_COMPILATION_CONDITIONS = DEBUG;
				SWIFT_OPTIMIZATION_LEVEL = "-Onone";
			};
			name = Debug;
		};
		C127F0EB236DCAC9008FBED1 /* Release */ = {
			isa = XCBuildConfiguration;
			buildSettings = {
				ALWAYS_SEARCH_USER_PATHS = NO;
				CLANG_ANALYZER_NONNULL = YES;
				CLANG_ANALYZER_NUMBER_OBJECT_CONVERSION = YES_AGGRESSIVE;
				CLANG_CXX_LANGUAGE_STANDARD = "gnu++14";
				CLANG_CXX_LIBRARY = "libc++";
				CLANG_ENABLE_MODULES = YES;
				CLANG_ENABLE_OBJC_ARC = YES;
				CLANG_ENABLE_OBJC_WEAK = YES;
				CLANG_WARN_BLOCK_CAPTURE_AUTORELEASING = YES;
				CLANG_WARN_BOOL_CONVERSION = YES;
				CLANG_WARN_COMMA = YES;
				CLANG_WARN_CONSTANT_CONVERSION = YES;
				CLANG_WARN_DEPRECATED_OBJC_IMPLEMENTATIONS = YES;
				CLANG_WARN_DIRECT_OBJC_ISA_USAGE = YES_ERROR;
				CLANG_WARN_DOCUMENTATION_COMMENTS = YES;
				CLANG_WARN_EMPTY_BODY = YES;
				CLANG_WARN_ENUM_CONVERSION = YES;
				CLANG_WARN_INFINITE_RECURSION = YES;
				CLANG_WARN_INT_CONVERSION = YES;
				CLANG_WARN_NON_LITERAL_NULL_CONVERSION = YES;
				CLANG_WARN_OBJC_IMPLICIT_RETAIN_SELF = YES;
				CLANG_WARN_OBJC_LITERAL_CONVERSION = YES;
				CLANG_WARN_OBJC_ROOT_CLASS = YES_ERROR;
				CLANG_WARN_RANGE_LOOP_ANALYSIS = YES;
				CLANG_WARN_STRICT_PROTOTYPES = YES;
				CLANG_WARN_SUSPICIOUS_MOVE = YES;
				CLANG_WARN_UNGUARDED_AVAILABILITY = YES_AGGRESSIVE;
				CLANG_WARN_UNREACHABLE_CODE = YES;
				CLANG_WARN__DUPLICATE_METHOD_MATCH = YES;
				COPY_PHASE_STRIP = NO;
				DEBUG_INFORMATION_FORMAT = "dwarf-with-dsym";
				ENABLE_NS_ASSERTIONS = NO;
				ENABLE_STRICT_OBJC_MSGSEND = YES;
				GCC_C_LANGUAGE_STANDARD = gnu11;
				GCC_NO_COMMON_BLOCKS = YES;
				GCC_WARN_64_TO_32_BIT_CONVERSION = YES;
				GCC_WARN_ABOUT_RETURN_TYPE = YES_ERROR;
				GCC_WARN_UNDECLARED_SELECTOR = YES;
				GCC_WARN_UNINITIALIZED_AUTOS = YES_AGGRESSIVE;
				GCC_WARN_UNUSED_FUNCTION = YES;
				GCC_WARN_UNUSED_VARIABLE = YES;
				IPHONEOS_DEPLOYMENT_TARGET = 13.2;
				MTL_ENABLE_DEBUG_INFO = NO;
				MTL_FAST_MATH = YES;
				SDKROOT = iphoneos;
				SWIFT_COMPILATION_MODE = wholemodule;
				SWIFT_OPTIMIZATION_LEVEL = "-O";
				VALIDATE_PRODUCT = YES;
			};
			name = Release;
		};
		C127F0ED236DCAC9008FBED1 /* Debug */ = {
			isa = XCBuildConfiguration;
			buildSettings = {
				ASSETCATALOG_COMPILER_APPICON_NAME = AppIcon;
				CODE_SIGN_STYLE = Automatic;
				DEVELOPMENT_ASSET_PATHS = "\"ferry-app/Preview Content\"";
				DEVELOPMENT_TEAM = 6RP2PMRWGN;
				ENABLE_PREVIEWS = YES;
				INFOPLIST_FILE = "ferry-app/Info.plist";
				LD_RUNPATH_SEARCH_PATHS = (
					"$(inherited)",
					"@executable_path/Frameworks",
				);
				PRODUCT_BUNDLE_IDENTIFIER = "com.example.ferry-app";
				PRODUCT_NAME = "$(TARGET_NAME)";
				SWIFT_VERSION = 5.0;
				TARGETED_DEVICE_FAMILY = "1,2";
			};
			name = Debug;
		};
		C127F0EE236DCAC9008FBED1 /* Release */ = {
			isa = XCBuildConfiguration;
			buildSettings = {
				ASSETCATALOG_COMPILER_APPICON_NAME = AppIcon;
				CODE_SIGN_STYLE = Automatic;
				DEVELOPMENT_ASSET_PATHS = "\"ferry-app/Preview Content\"";
				DEVELOPMENT_TEAM = 6RP2PMRWGN;
				ENABLE_PREVIEWS = YES;
				INFOPLIST_FILE = "ferry-app/Info.plist";
				LD_RUNPATH_SEARCH_PATHS = (
					"$(inherited)",
					"@executable_path/Frameworks",
				);
				PRODUCT_BUNDLE_IDENTIFIER = "com.example.ferry-app";
				PRODUCT_NAME = "$(TARGET_NAME)";
				SWIFT_VERSION = 5.0;
				TARGETED_DEVICE_FAMILY = "1,2";
			};
			name = Release;
		};
		C127F0F0236DCAC9008FBED1 /* Debug */ = {
			isa = XCBuildConfiguration;
			buildSettings = {
				ALWAYS_EMBED_SWIFT_STANDARD_LIBRARIES = YES;
				BUNDLE_LOADER = "$(TEST_HOST)";
				CODE_SIGN_STYLE = Automatic;
				DEVELOPMENT_TEAM = 6RP2PMRWGN;
				INFOPLIST_FILE = "ferry-appTests/Info.plist";
				IPHONEOS_DEPLOYMENT_TARGET = 13.2;
				LD_RUNPATH_SEARCH_PATHS = (
					"$(inherited)",
					"@executable_path/Frameworks",
					"@loader_path/Frameworks",
				);
				PRODUCT_BUNDLE_IDENTIFIER = "com.example.ferry-appTests";
				PRODUCT_NAME = "$(TARGET_NAME)";
				SWIFT_VERSION = 5.0;
				TARGETED_DEVICE_FAMILY = "1,2";
				TEST_HOST = "$(BUILT_PRODUCTS_DIR)/ferry-app.app/ferry-app";
			};
			name = Debug;
		};
		C127F0F1236DCAC9008FBED1 /* Release */ = {
			isa = XCBuildConfiguration;
			buildSettings = {
				ALWAYS_EMBED_SWIFT_STANDARD_LIBRARIES = YES;
				BUNDLE_LOADER = "$(TEST_HOST)";
				CODE_SIGN_STYLE = Automatic;
				DEVELOPMENT_TEAM = 6RP2PMRWGN;
				INFOPLIST_FILE = "ferry-appTests/Info.plist";
				IPHONEOS_DEPLOYMENT_TARGET = 13.2;
				LD_RUNPATH_SEARCH_PATHS = (
					"$(inherited)",
					"@executable_path/Frameworks",
					"@loader_path/Frameworks",
				);
				PRODUCT_BUNDLE_IDENTIFIER = "com.example.ferry-appTests";
				PRODUCT_NAME = "$(TARGET_NAME)";
				SWIFT_VERSION = 5.0;
				TARGETED_DEVICE_FAMILY = "1,2";
				TEST_HOST = "$(BUILT_PRODUCTS_DIR)/ferry-app.app/ferry-app";
			};
			name = Release;
		};
		C127F0F3236DCAC9008FBED1 /* Debug */ = {
			isa = XCBuildConfiguration;
			buildSettings = {
				ALWAYS_EMBED_SWIFT_STANDARD_LIBRARIES = YES;
				CODE_SIGN_STYLE = Automatic;
				DEVELOPMENT_TEAM = 6RP2PMRWGN;
				INFOPLIST_FILE = "ferry-appUITests/Info.plist";
				LD_RUNPATH_SEARCH_PATHS = (
					"$(inherited)",
					"@executable_path/Frameworks",
					"@loader_path/Frameworks",
				);
				PRODUCT_BUNDLE_IDENTIFIER = "com.example.ferry-appUITests";
				PRODUCT_NAME = "$(TARGET_NAME)";
				SWIFT_VERSION = 5.0;
				TARGETED_DEVICE_FAMILY = "1,2";
				TEST_TARGET_NAME = "ferry-app";
			};
			name = Debug;
		};
		C127F0F4236DCAC9008FBED1 /* Release */ = {
			isa = XCBuildConfiguration;
			buildSettings = {
				ALWAYS_EMBED_SWIFT_STANDARD_LIBRARIES = YES;
				CODE_SIGN_STYLE = Automatic;
				DEVELOPMENT_TEAM = 6RP2PMRWGN;
				INFOPLIST_FILE = "ferry-appUITests/Info.plist";
				LD_RUNPATH_SEARCH_PATHS = (
					"$(inherited)",
					"@executable_path/Frameworks",
					"@loader_path/Frameworks",
				);
				PRODUCT_BUNDLE_IDENTIFIER = "com.example.ferry-appUITests";
				PRODUCT_NAME = "$(TARGET_NAME)";
				SWIFT_VERSION = 5.0;
				TARGETED_DEVICE_FAMILY = "1,2";
				TEST_TARGET_NAME = "ferry-app";
			};
			name = Release;
		};
/* End XCBuildConfiguration section */

/* Begin XCConfigurationList section */
		C127F0BD236DCAC6008FBED1 /* Build configuration list for PBXProject "ferry-app" */ = {
			isa = XCConfigurationList;
			buildConfigurations = (
				C127F0EA236DCAC9008FBED1 /* Debug */,
				C127F0EB236DCAC9008FBED1 /* Release */,
			);
			defaultConfigurationIsVisible = 0;
			defaultConfigurationName = Release;
		};
		C127F0EC236DCAC9008FBED1 /* Build configuration list for PBXNativeTarget "ferry-app" */ = {
			isa = XCConfigurationList;
			buildConfigurations = (
				C127F0ED236DCAC9008FBED1 /* Debug */,
				C127F0EE236DCAC9008FBED1 /* Release */,
			);
			defaultConfigurationIsVisible = 0;
			defaultConfigurationName = Release;
		};
		C127F0EF236DCAC9008FBED1 /* Build configuration list for PBXNativeTarget "ferry-appTests" */ = {
			isa = XCConfigurationList;
			buildConfigurations = (
				C127F0F0236DCAC9008FBED1 /* Debug */,
				C127F0F1236DCAC9008FBED1 /* Release */,
			);
			defaultConfigurationIsVisible = 0;
			defaultConfigurationName = Release;
		};
		C127F0F2236DCAC9008FBED1 /* Build configuration list for PBXNativeTarget "ferry-appUITests" */ = {
			isa = XCConfigurationList;
			buildConfigurations = (
				C127F0F3236DCAC9008FBED1 /* Debug */,
				C127F0F4236DCAC9008FBED1 /* Release */,
			);
			defaultConfigurationIsVisible = 0;
			defaultConfigurationName = Release;
		};
/* End XCConfigurationList section */
	};
	rootObject = C127F0BA236DCAC6008FBED1 /* Project object */;
}
